# @generated by Move, please check-in and do not edit manually.

[move]
version = 0
manifest_digest = "5389E437FC900FAAA87FB54A488D3D5CFAFF17E9D7CAF91702DDE0CCDA41EE50"
deps_digest = "3C4103934B1E040BB6B23F1D610B4EF9F2F1166A50A104EADCF77467C004C600"

dependencies = [
  { name = "Sui" },
  { name = "Wormhole" },
]

[[move.package]]
name = "MoveStdlib"
source = { git = "https://github.com/MystenLabs/sui.git", rev = "09b2081498366df936abae26eea4b2d5cafb2788", subdir = "crates/sui-framework/packages/move-stdlib" }

[[move.package]]
name = "Sui"
source = { git = "https://github.com/MystenLabs/sui.git", rev = "09b2081498366df936abae26eea4b2d5cafb2788", subdir = "crates/sui-framework/packages/sui-framework" }

dependencies = [
  { name = "MoveStdlib" },
]

[[move.package]]
name = "Wormhole"
source = { git = "https://github.com/unmaykr-aftermath/wormhole.git", rev = "testnet-v0.2.0", subdir = "sui/wormhole" }

dependencies = [
  { name = "Sui" },
]
