# @generated by Move, please check-in and do not edit manually.

[move]
version = 0
manifest_digest = "3882C2C03D373AA4464599D6C08D7016AB1788E0D48DBE1712CEB6D7476F6EA3"
deps_digest = "57ADDFC1B1A93509C7C51F109E6A41BC9A6033734888F949519435803C93401D"

dependencies = [
  { name = "Sui" },
  { name = "Wormhole" },
]

[[move.package]]
name = "MoveStdlib"
source = { git = "https://github.com/MystenLabs/sui.git", rev = "09b2081498366df936abae26eea4b2d5cafb2788", subdir = "crates/sui-framework/packages/move-stdlib" }

[[move.package]]
name = "Sui"
source = { git = "https://github.com/MystenLabs/sui.git", rev = "09b2081498366df936abae26eea4b2d5cafb2788", subdir = "crates/sui-framework/packages/sui-framework" }

dependencies = [
  { name = "MoveStdlib" },
]

[[move.package]]
name = "Wormhole"
source = { git = "https://github.com/wormhole-foundation/wormhole.git", rev = "d050ad1d67a5b7da9fb65030aad12ef5d774ccad", subdir = "sui/wormhole" }

dependencies = [
  { name = "Sui" },
]
